# Lockfile v4
# This file is automatically generated by Wapm.
# It is not intended for manual editing. The schema of this file may change.
[modules."soeur/rcnb-rs"."0.1.1".rcnb-rs]
name = "rcnb-rs"
package_version = "0.1.1"
package_name = "soeur/rcnb-rs"
package_path = "soeur/rcnb-rs@0.1.1"
resolved = "local"
resolved_source = "local"
abi = "wasi"
source = "target/wasm32-wasi/release/rcnb-rs.wasm"
[commands.rcnb-rs]
name = "rcnb-rs"
package_name = "soeur/rcnb-rs"
package_version = "0.1.1"
module = "rcnb-rs"
is_top_level_dependency = true
